
Microsoft Visual Studio Solution File, Format Version 12.00
# Visual Studio 15
VisualStudioVersion = 15.0.27428.2027
MinimumVisualStudioVersion = 10.0.40219.1
Project("{FAE04EC0-301F-11D3-BF4B-00C04F79EFBC}") = "Impinj-xPortal", "Impinj-xPortal.csproj", "{A0F1DD7B-F76C-4709-BCE6-CF02063FAE61}"
EndProject
Global
	GlobalSection(SolutionConfigurationPlatforms) = preSolution
		Debug|Any CPU = Debug|Any CPU
		Release|Any CPU = Release|Any CPU
	EndGlobalSection
	GlobalSection(ProjectConfigurationPlatforms) = postSolution
		{A0F1DD7B-F76C-4709-BCE6-CF02063FAE61}.Debug|Any CPU.ActiveCfg = Debug|Any CPU
		{A0F1DD7B-F76C-4709-BCE6-CF02063FAE61}.Debug|Any CPU.Build.0 = Debug|Any CPU
		{A0F1DD7B-F76C-4709-BCE6-CF02063FAE61}.Release|Any CPU.ActiveCfg = Release|Any CPU
		{A0F1DD7B-F76C-4709-BCE6-CF02063FAE61}.Release|Any CPU.Build.0 = Release|Any CPU
	EndGlobalSection
	GlobalSection(SolutionProperties) = preSolution
		HideSolutionNode = FALSE
	EndGlobalSection
	GlobalSection(ExtensibilityGlobals) = postSolution
		SolutionGuid = {3159A2AF-9940-40C5-9E36-340E212A8EAA}
	EndGlobalSection
EndGlobal
